
Microsoft Visual Studio Solution File, Format Version 12.00
# Visual Studio Version 17
VisualStudioVersion = 17.0.32112.339
MinimumVisualStudioVersion = 10.0.40219.1
Project("{FAE04EC0-301F-11D3-BF4B-00C04F79EFBC}") = "Hello-ASPNET", "Hello-ASPNET\Hello-ASPNET.csproj", "{93BB6CB5-5120-4A21-96AA-38ED608A9485}"
EndProject
Global
	GlobalSection(SolutionConfigurationPlatforms) = preSolution
		Debug|Any CPU = Debug|Any CPU
		Release|Any CPU = Release|Any CPU
	EndGlobalSection
	GlobalSection(ProjectConfigurationPlatforms) = postSolution
		{93BB6CB5-5120-4A21-96AA-38ED608A9485}.Debug|Any CPU.ActiveCfg = Debug|Any CPU
		{93BB6CB5-5120-4A21-96AA-38ED608A9485}.Debug|Any CPU.Build.0 = Debug|Any CPU
		{93BB6CB5-5120-4A21-96AA-38ED608A9485}.Release|Any CPU.ActiveCfg = Release|Any CPU
		{93BB6CB5-5120-4A21-96AA-38ED608A9485}.Release|Any CPU.Build.0 = Release|Any CPU
	EndGlobalSection
	GlobalSection(SolutionProperties) = preSolution
		HideSolutionNode = FALSE
	EndGlobalSection
	GlobalSection(ExtensibilityGlobals) = postSolution
		SolutionGuid = {80727500-1B51-4D0B-A695-11173465769B}
	EndGlobalSection
EndGlobal
