
Microsoft Visual Studio Solution File, Format Version 12.00
# Visual Studio Version 17
VisualStudioVersion = 17.1.32210.238
MinimumVisualStudioVersion = 10.0.40219.1
Project("{9A19103F-16F7-4668-BE54-9A1E7A4F7556}") = "HelloRazor", "HelloRazor\HelloRazor.csproj", "{AC842370-91A6-4E32-BE2D-CCCA7A9672B1}"
EndProject
Project("{FAE04EC0-301F-11D3-BF4B-00C04F79EFBC}") = "HelloWebAPI", "HelloWebAPI\HelloWebAPI.csproj", "{7527E241-A87F-4C12-872C-CDB578FD9D39}"
EndProject
Project("{FAE04EC0-301F-11D3-BF4B-00C04F79EFBC}") = "HelloMVC", "HelloMVC\HelloMVC.csproj", "{D164D8FB-C06B-46B7-BC42-2311247585CD}"
EndProject
Project("{FAE04EC0-301F-11D3-BF4B-00C04F79EFBC}") = "HelloEmpty", "HelloEmpty\HelloEmpty.csproj", "{4F13D0E6-CB5E-432A-B56A-7C868A158E27}"
EndProject
Project("{FAE04EC0-301F-11D3-BF4B-00C04F79EFBC}") = "HelloBlazor", "HelloBlazor\HelloBlazor.csproj", "{0B4AB22F-A6BF-4C8E-AF89-941405FB9263}"
EndProject
Project("{FAE04EC0-301F-11D3-BF4B-00C04F79EFBC}") = "HelloBlazorClient", "HelloBlazorClient\HelloBlazorClient.csproj", "{517A034A-B7BA-4BE5-8DB4-1F608DCC9B4D}"
EndProject
Global
	GlobalSection(SolutionConfigurationPlatforms) = preSolution
		Debug|Any CPU = Debug|Any CPU
		Release|Any CPU = Release|Any CPU
	EndGlobalSection
	GlobalSection(ProjectConfigurationPlatforms) = postSolution
		{AC842370-91A6-4E32-BE2D-CCCA7A9672B1}.Debug|Any CPU.ActiveCfg = Debug|Any CPU
		{AC842370-91A6-4E32-BE2D-CCCA7A9672B1}.Debug|Any CPU.Build.0 = Debug|Any CPU
		{AC842370-91A6-4E32-BE2D-CCCA7A9672B1}.Release|Any CPU.ActiveCfg = Release|Any CPU
		{AC842370-91A6-4E32-BE2D-CCCA7A9672B1}.Release|Any CPU.Build.0 = Release|Any CPU
		{7527E241-A87F-4C12-872C-CDB578FD9D39}.Debug|Any CPU.ActiveCfg = Debug|Any CPU
		{7527E241-A87F-4C12-872C-CDB578FD9D39}.Debug|Any CPU.Build.0 = Debug|Any CPU
		{7527E241-A87F-4C12-872C-CDB578FD9D39}.Release|Any CPU.ActiveCfg = Release|Any CPU
		{7527E241-A87F-4C12-872C-CDB578FD9D39}.Release|Any CPU.Build.0 = Release|Any CPU
		{D164D8FB-C06B-46B7-BC42-2311247585CD}.Debug|Any CPU.ActiveCfg = Debug|Any CPU
		{D164D8FB-C06B-46B7-BC42-2311247585CD}.Debug|Any CPU.Build.0 = Debug|Any CPU
		{D164D8FB-C06B-46B7-BC42-2311247585CD}.Release|Any CPU.ActiveCfg = Release|Any CPU
		{D164D8FB-C06B-46B7-BC42-2311247585CD}.Release|Any CPU.Build.0 = Release|Any CPU
		{4F13D0E6-CB5E-432A-B56A-7C868A158E27}.Debug|Any CPU.ActiveCfg = Debug|Any CPU
		{4F13D0E6-CB5E-432A-B56A-7C868A158E27}.Debug|Any CPU.Build.0 = Debug|Any CPU
		{4F13D0E6-CB5E-432A-B56A-7C868A158E27}.Release|Any CPU.ActiveCfg = Release|Any CPU
		{4F13D0E6-CB5E-432A-B56A-7C868A158E27}.Release|Any CPU.Build.0 = Release|Any CPU
		{0B4AB22F-A6BF-4C8E-AF89-941405FB9263}.Debug|Any CPU.ActiveCfg = Debug|Any CPU
		{0B4AB22F-A6BF-4C8E-AF89-941405FB9263}.Debug|Any CPU.Build.0 = Debug|Any CPU
		{0B4AB22F-A6BF-4C8E-AF89-941405FB9263}.Release|Any CPU.ActiveCfg = Release|Any CPU
		{0B4AB22F-A6BF-4C8E-AF89-941405FB9263}.Release|Any CPU.Build.0 = Release|Any CPU
		{517A034A-B7BA-4BE5-8DB4-1F608DCC9B4D}.Debug|Any CPU.ActiveCfg = Debug|Any CPU
		{517A034A-B7BA-4BE5-8DB4-1F608DCC9B4D}.Debug|Any CPU.Build.0 = Debug|Any CPU
		{517A034A-B7BA-4BE5-8DB4-1F608DCC9B4D}.Release|Any CPU.ActiveCfg = Release|Any CPU
		{517A034A-B7BA-4BE5-8DB4-1F608DCC9B4D}.Release|Any CPU.Build.0 = Release|Any CPU
	EndGlobalSection
	GlobalSection(SolutionProperties) = preSolution
		HideSolutionNode = FALSE
	EndGlobalSection
	GlobalSection(ExtensibilityGlobals) = postSolution
		SolutionGuid = {63E9AC00-F6A0-45C9-9619-A7403DDAA539}
	EndGlobalSection
EndGlobal
